
Microsoft Visual Studio Solution File, Format Version 12.00
# Visual Studio Version 16
VisualStudioVersion = 16.0.32602.291
MinimumVisualStudioVersion = 10.0.40219.1
Project("{FAE04EC0-301F-11D3-BF4B-00C04F79EFBC}") = "ModernUI", "ModernUI\ModernUI.csproj", "{A45DE626-52D6-48E1-93AC-26497FE43EEC}"
EndProject
Global
	GlobalSection(SolutionConfigurationPlatforms) = preSolution
		Debug|Any CPU = Debug|Any CPU
		Release|Any CPU = Release|Any CPU
	EndGlobalSection
	GlobalSection(ProjectConfigurationPlatforms) = postSolution
		{A45DE626-52D6-48E1-93AC-26497FE43EEC}.Debug|Any CPU.ActiveCfg = Debug|Any CPU
		{A45DE626-52D6-48E1-93AC-26497FE43EEC}.Debug|Any CPU.Build.0 = Debug|Any CPU
		{A45DE626-52D6-48E1-93AC-26497FE43EEC}.Release|Any CPU.ActiveCfg = Release|Any CPU
		{A45DE626-52D6-48E1-93AC-26497FE43EEC}.Release|Any CPU.Build.0 = Release|Any CPU
	EndGlobalSection
	GlobalSection(SolutionProperties) = preSolution
		HideSolutionNode = FALSE
	EndGlobalSection
	GlobalSection(ExtensibilityGlobals) = postSolution
		SolutionGuid = {626C14AC-105A-432B-B4E8-121EC786EF82}
	EndGlobalSection
EndGlobal
